
Microsoft Visual Studio Solution File, Format Version 12.00
# Visual Studio 14
VisualStudioVersion = 14.0.25420.1
MinimumVisualStudioVersion = 10.0.40219.1
Project("{FAE04EC0-301F-11D3-BF4B-00C04F79EFBC}") = "TechDay.Proto.Core", "TechDay.Proto.Core\TechDay.Proto.Core.csproj", "{1BFDCF7D-CFC4-4E81-941D-A3F5316FBDF7}"
EndProject
Project("{FAE04EC0-301F-11D3-BF4B-00C04F79EFBC}") = "TechDay.Proto.DataAccess", "TechDay.Proto.DataAccess\TechDay.Proto.DataAccess.csproj", "{E5B0C4D1-1220-4C57-B2B0-4A6F76CF89AB}"
EndProject
Project("{FAE04EC0-301F-11D3-BF4B-00C04F79EFBC}") = "TechDay.Proto.Infrastructure", "TechDay.Proto.Infrastructure\TechDay.Proto.Infrastructure.csproj", "{98677684-888A-46F7-9D08-9DDA207C1E78}"
EndProject
Project("{00D1A9C2-B5F0-4AF3-8072-F6C62B433612}") = "TechDay.Proto.Database", "TechDay.Proto.Database\TechDay.Proto.Database.sqlproj", "{E134014A-44F2-4B2B-B40A-FF998DEFF8AA}"
EndProject
Project("{FAE04EC0-301F-11D3-BF4B-00C04F79EFBC}") = "TechDay.Proto.WebApi", "TechDay.Proto.WebApi\TechDay.Proto.WebApi.csproj", "{791855E0-6B0E-44EF-AA44-47AA9F012388}"
EndProject
Project("{FAE04EC0-301F-11D3-BF4B-00C04F79EFBC}") = "TechDay.Proto.Website", "TechDay.Proto.Website\TechDay.Proto.Website.csproj", "{509C80EC-CF52-4860-A6A3-FA769C45DD22}"
EndProject
Project("{FAE04EC0-301F-11D3-BF4B-00C04F79EFBC}") = "TechDay.Proto.MobileShared.Droid", "TechDay.Proto.MobileShared\TechDay.Proto.MobileShared.Droid\TechDay.Proto.MobileShared.Droid.csproj", "{35B8B44D-8744-47A2-A1D4-F99AEED5C1D5}"
EndProject
Project("{FAE04EC0-301F-11D3-BF4B-00C04F79EFBC}") = "TechDay.Proto.MobileShared.iOS", "TechDay.Proto.MobileShared\TechDay.Proto.MobileShared.iOS\TechDay.Proto.MobileShared.iOS.csproj", "{2EE4621B-D230-4BFE-B417-5E8F371455D9}"
EndProject
Project("{FAE04EC0-301F-11D3-BF4B-00C04F79EFBC}") = "TechDay.Proto.MobileShared.UWP", "TechDay.Proto.MobileShared\TechDay.Proto.MobileShared.UWP\TechDay.Proto.MobileShared.UWP.csproj", "{8F172442-BDDF-41EA-84E3-69CBE3D8C662}"
EndProject
Project("{FAE04EC0-301F-11D3-BF4B-00C04F79EFBC}") = "TechDay.Proto.MobileShared", "TechDay.Proto.MobileShared\TechDay.Proto.MobileShared\TechDay.Proto.MobileShared.csproj", "{D3E8BD28-A5B1-4907-AF4D-0EDAEEB0952C}"
EndProject
Global
	GlobalSection(SolutionConfigurationPlatforms) = preSolution
		Ad-Hoc|Any CPU = Ad-Hoc|Any CPU
		Ad-Hoc|ARM = Ad-Hoc|ARM
		Ad-Hoc|iPhone = Ad-Hoc|iPhone
		Ad-Hoc|iPhoneSimulator = Ad-Hoc|iPhoneSimulator
		Ad-Hoc|x64 = Ad-Hoc|x64
		Ad-Hoc|x86 = Ad-Hoc|x86
		AppStore|Any CPU = AppStore|Any CPU
		AppStore|ARM = AppStore|ARM
		AppStore|iPhone = AppStore|iPhone
		AppStore|iPhoneSimulator = AppStore|iPhoneSimulator
		AppStore|x64 = AppStore|x64
		AppStore|x86 = AppStore|x86
		Debug|Any CPU = Debug|Any CPU
		Debug|ARM = Debug|ARM
		Debug|iPhone = Debug|iPhone
		Debug|iPhoneSimulator = Debug|iPhoneSimulator
		Debug|x64 = Debug|x64
		Debug|x86 = Debug|x86
		Release|Any CPU = Release|Any CPU
		Release|ARM = Release|ARM
		Release|iPhone = Release|iPhone
		Release|iPhoneSimulator = Release|iPhoneSimulator
		Release|x64 = Release|x64
		Release|x86 = Release|x86
	EndGlobalSection
	GlobalSection(ProjectConfigurationPlatforms) = postSolution
		{1BFDCF7D-CFC4-4E81-941D-A3F5316FBDF7}.Ad-Hoc|Any CPU.ActiveCfg = Release|Any CPU
		{1BFDCF7D-CFC4-4E81-941D-A3F5316FBDF7}.Ad-Hoc|Any CPU.Build.0 = Release|Any CPU
		{1BFDCF7D-CFC4-4E81-941D-A3F5316FBDF7}.Ad-Hoc|ARM.ActiveCfg = Release|Any CPU
		{1BFDCF7D-CFC4-4E81-941D-A3F5316FBDF7}.Ad-Hoc|ARM.Build.0 = Release|Any CPU
		{1BFDCF7D-CFC4-4E81-941D-A3F5316FBDF7}.Ad-Hoc|iPhone.ActiveCfg = Release|Any CPU
		{1BFDCF7D-CFC4-4E81-941D-A3F5316FBDF7}.Ad-Hoc|iPhone.Build.0 = Release|Any CPU
		{1BFDCF7D-CFC4-4E81-941D-A3F5316FBDF7}.Ad-Hoc|iPhoneSimulator.ActiveCfg = Release|Any CPU
		{1BFDCF7D-CFC4-4E81-941D-A3F5316FBDF7}.Ad-Hoc|iPhoneSimulator.Build.0 = Release|Any CPU
		{1BFDCF7D-CFC4-4E81-941D-A3F5316FBDF7}.Ad-Hoc|x64.ActiveCfg = Release|Any CPU
		{1BFDCF7D-CFC4-4E81-941D-A3F5316FBDF7}.Ad-Hoc|x64.Build.0 = Release|Any CPU
		{1BFDCF7D-CFC4-4E81-941D-A3F5316FBDF7}.Ad-Hoc|x86.ActiveCfg = Release|Any CPU
		{1BFDCF7D-CFC4-4E81-941D-A3F5316FBDF7}.Ad-Hoc|x86.Build.0 = Release|Any CPU
		{1BFDCF7D-CFC4-4E81-941D-A3F5316FBDF7}.AppStore|Any CPU.ActiveCfg = Release|Any CPU
		{1BFDCF7D-CFC4-4E81-941D-A3F5316FBDF7}.AppStore|Any CPU.Build.0 = Release|Any CPU
		{1BFDCF7D-CFC4-4E81-941D-A3F5316FBDF7}.AppStore|ARM.ActiveCfg = Release|Any CPU
		{1BFDCF7D-CFC4-4E81-941D-A3F5316FBDF7}.AppStore|ARM.Build.0 = Release|Any CPU
		{1BFDCF7D-CFC4-4E81-941D-A3F5316FBDF7}.AppStore|iPhone.ActiveCfg = Release|Any CPU
		{1BFDCF7D-CFC4-4E81-941D-A3F5316FBDF7}.AppStore|iPhone.Build.0 = Release|Any CPU
		{1BFDCF7D-CFC4-4E81-941D-A3F5316FBDF7}.AppStore|iPhoneSimulator.ActiveCfg = Release|Any CPU
		{1BFDCF7D-CFC4-4E81-941D-A3F5316FBDF7}.AppStore|iPhoneSimulator.Build.0 = Release|Any CPU
		{1BFDCF7D-CFC4-4E81-941D-A3F5316FBDF7}.AppStore|x64.ActiveCfg = Release|Any CPU
		{1BFDCF7D-CFC4-4E81-941D-A3F5316FBDF7}.AppStore|x64.Build.0 = Release|Any CPU
		{1BFDCF7D-CFC4-4E81-941D-A3F5316FBDF7}.AppStore|x86.ActiveCfg = Release|Any CPU
		{1BFDCF7D-CFC4-4E81-941D-A3F5316FBDF7}.AppStore|x86.Build.0 = Release|Any CPU
		{1BFDCF7D-CFC4-4E81-941D-A3F5316FBDF7}.Debug|Any CPU.ActiveCfg = Debug|Any CPU
		{1BFDCF7D-CFC4-4E81-941D-A3F5316FBDF7}.Debug|Any CPU.Build.0 = Debug|Any CPU
		{1BFDCF7D-CFC4-4E81-941D-A3F5316FBDF7}.Debug|ARM.ActiveCfg = Debug|Any CPU
		{1BFDCF7D-CFC4-4E81-941D-A3F5316FBDF7}.Debug|ARM.Build.0 = Debug|Any CPU
		{1BFDCF7D-CFC4-4E81-941D-A3F5316FBDF7}.Debug|iPhone.ActiveCfg = Debug|Any CPU
		{1BFDCF7D-CFC4-4E81-941D-A3F5316FBDF7}.Debug|iPhone.Build.0 = Debug|Any CPU
		{1BFDCF7D-CFC4-4E81-941D-A3F5316FBDF7}.Debug|iPhoneSimulator.ActiveCfg = Debug|Any CPU
		{1BFDCF7D-CFC4-4E81-941D-A3F5316FBDF7}.Debug|iPhoneSimulator.Build.0 = Debug|Any CPU
		{1BFDCF7D-CFC4-4E81-941D-A3F5316FBDF7}.Debug|x64.ActiveCfg = Debug|Any CPU
		{1BFDCF7D-CFC4-4E81-941D-A3F5316FBDF7}.Debug|x64.Build.0 = Debug|Any CPU
		{1BFDCF7D-CFC4-4E81-941D-A3F5316FBDF7}.Debug|x86.ActiveCfg = Debug|Any CPU
		{1BFDCF7D-CFC4-4E81-941D-A3F5316FBDF7}.Debug|x86.Build.0 = Debug|Any CPU
		{1BFDCF7D-CFC4-4E81-941D-A3F5316FBDF7}.Release|Any CPU.ActiveCfg = Release|Any CPU
		{1BFDCF7D-CFC4-4E81-941D-A3F5316FBDF7}.Release|Any CPU.Build.0 = Release|Any CPU
		{1BFDCF7D-CFC4-4E81-941D-A3F5316FBDF7}.Release|ARM.ActiveCfg = Release|Any CPU
		{1BFDCF7D-CFC4-4E81-941D-A3F5316FBDF7}.Release|ARM.Build.0 = Release|Any CPU
		{1BFDCF7D-CFC4-4E81-941D-A3F5316FBDF7}.Release|iPhone.ActiveCfg = Release|Any CPU
		{1BFDCF7D-CFC4-4E81-941D-A3F5316FBDF7}.Release|iPhone.Build.0 = Release|Any CPU
		{1BFDCF7D-CFC4-4E81-941D-A3F5316FBDF7}.Release|iPhoneSimulator.ActiveCfg = Release|Any CPU
		{1BFDCF7D-CFC4-4E81-941D-A3F5316FBDF7}.Release|iPhoneSimulator.Build.0 = Release|Any CPU
		{1BFDCF7D-CFC4-4E81-941D-A3F5316FBDF7}.Release|x64.ActiveCfg = Release|Any CPU
		{1BFDCF7D-CFC4-4E81-941D-A3F5316FBDF7}.Release|x64.Build.0 = Release|Any CPU
		{1BFDCF7D-CFC4-4E81-941D-A3F5316FBDF7}.Release|x86.ActiveCfg = Release|Any CPU
		{1BFDCF7D-CFC4-4E81-941D-A3F5316FBDF7}.Release|x86.Build.0 = Release|Any CPU
		{E5B0C4D1-1220-4C57-B2B0-4A6F76CF89AB}.Ad-Hoc|Any CPU.ActiveCfg = Release|Any CPU
		{E5B0C4D1-1220-4C57-B2B0-4A6F76CF89AB}.Ad-Hoc|Any CPU.Build.0 = Release|Any CPU
		{E5B0C4D1-1220-4C57-B2B0-4A6F76CF89AB}.Ad-Hoc|ARM.ActiveCfg = Release|Any CPU
		{E5B0C4D1-1220-4C57-B2B0-4A6F76CF89AB}.Ad-Hoc|ARM.Build.0 = Release|Any CPU
		{E5B0C4D1-1220-4C57-B2B0-4A6F76CF89AB}.Ad-Hoc|iPhone.ActiveCfg = Release|Any CPU
		{E5B0C4D1-1220-4C57-B2B0-4A6F76CF89AB}.Ad-Hoc|iPhone.Build.0 = Release|Any CPU
		{E5B0C4D1-1220-4C57-B2B0-4A6F76CF89AB}.Ad-Hoc|iPhoneSimulator.ActiveCfg = Release|Any CPU
		{E5B0C4D1-1220-4C57-B2B0-4A6F76CF89AB}.Ad-Hoc|iPhoneSimulator.Build.0 = Release|Any CPU
		{E5B0C4D1-1220-4C57-B2B0-4A6F76CF89AB}.Ad-Hoc|x64.ActiveCfg = Release|Any CPU
		{E5B0C4D1-1220-4C57-B2B0-4A6F76CF89AB}.Ad-Hoc|x64.Build.0 = Release|Any CPU
		{E5B0C4D1-1220-4C57-B2B0-4A6F76CF89AB}.Ad-Hoc|x86.ActiveCfg = Release|Any CPU
		{E5B0C4D1-1220-4C57-B2B0-4A6F76CF89AB}.Ad-Hoc|x86.Build.0 = Release|Any CPU
		{E5B0C4D1-1220-4C57-B2B0-4A6F76CF89AB}.AppStore|Any CPU.ActiveCfg = Release|Any CPU
		{E5B0C4D1-1220-4C57-B2B0-4A6F76CF89AB}.AppStore|Any CPU.Build.0 = Release|Any CPU
		{E5B0C4D1-1220-4C57-B2B0-4A6F76CF89AB}.AppStore|ARM.ActiveCfg = Release|Any CPU
		{E5B0C4D1-1220-4C57-B2B0-4A6F76CF89AB}.AppStore|ARM.Build.0 = Release|Any CPU
		{E5B0C4D1-1220-4C57-B2B0-4A6F76CF89AB}.AppStore|iPhone.ActiveCfg = Release|Any CPU
		{E5B0C4D1-1220-4C57-B2B0-4A6F76CF89AB}.AppStore|iPhone.Build.0 = Release|Any CPU
		{E5B0C4D1-1220-4C57-B2B0-4A6F76CF89AB}.AppStore|iPhoneSimulator.ActiveCfg = Release|Any CPU
		{E5B0C4D1-1220-4C57-B2B0-4A6F76CF89AB}.AppStore|iPhoneSimulator.Build.0 = Release|Any CPU
		{E5B0C4D1-1220-4C57-B2B0-4A6F76CF89AB}.AppStore|x64.ActiveCfg = Release|Any CPU
		{E5B0C4D1-1220-4C57-B2B0-4A6F76CF89AB}.AppStore|x64.Build.0 = Release|Any CPU
		{E5B0C4D1-1220-4C57-B2B0-4A6F76CF89AB}.AppStore|x86.ActiveCfg = Release|Any CPU
		{E5B0C4D1-1220-4C57-B2B0-4A6F76CF89AB}.AppStore|x86.Build.0 = Release|Any CPU
		{E5B0C4D1-1220-4C57-B2B0-4A6F76CF89AB}.Debug|Any CPU.ActiveCfg = Debug|Any CPU
		{E5B0C4D1-1220-4C57-B2B0-4A6F76CF89AB}.Debug|Any CPU.Build.0 = Debug|Any CPU
		{E5B0C4D1-1220-4C57-B2B0-4A6F76CF89AB}.Debug|ARM.ActiveCfg = Debug|Any CPU
		{E5B0C4D1-1220-4C57-B2B0-4A6F76CF89AB}.Debug|ARM.Build.0 = Debug|Any CPU
		{E5B0C4D1-1220-4C57-B2B0-4A6F76CF89AB}.Debug|iPhone.ActiveCfg = Debug|Any CPU
		{E5B0C4D1-1220-4C57-B2B0-4A6F76CF89AB}.Debug|iPhone.Build.0 = Debug|Any CPU
		{E5B0C4D1-1220-4C57-B2B0-4A6F76CF89AB}.Debug|iPhoneSimulator.ActiveCfg = Debug|Any CPU
		{E5B0C4D1-1220-4C57-B2B0-4A6F76CF89AB}.Debug|iPhoneSimulator.Build.0 = Debug|Any CPU
		{E5B0C4D1-1220-4C57-B2B0-4A6F76CF89AB}.Debug|x64.ActiveCfg = Debug|Any CPU
		{E5B0C4D1-1220-4C57-B2B0-4A6F76CF89AB}.Debug|x64.Build.0 = Debug|Any CPU
		{E5B0C4D1-1220-4C57-B2B0-4A6F76CF89AB}.Debug|x86.ActiveCfg = Debug|Any CPU
		{E5B0C4D1-1220-4C57-B2B0-4A6F76CF89AB}.Debug|x86.Build.0 = Debug|Any CPU
		{E5B0C4D1-1220-4C57-B2B0-4A6F76CF89AB}.Release|Any CPU.ActiveCfg = Release|Any CPU
		{E5B0C4D1-1220-4C57-B2B0-4A6F76CF89AB}.Release|Any CPU.Build.0 = Release|Any CPU
		{E5B0C4D1-1220-4C57-B2B0-4A6F76CF89AB}.Release|ARM.ActiveCfg = Release|Any CPU
		{E5B0C4D1-1220-4C57-B2B0-4A6F76CF89AB}.Release|ARM.Build.0 = Release|Any CPU
		{E5B0C4D1-1220-4C57-B2B0-4A6F76CF89AB}.Release|iPhone.ActiveCfg = Release|Any CPU
		{E5B0C4D1-1220-4C57-B2B0-4A6F76CF89AB}.Release|iPhone.Build.0 = Release|Any CPU
		{E5B0C4D1-1220-4C57-B2B0-4A6F76CF89AB}.Release|iPhoneSimulator.ActiveCfg = Release|Any CPU
		{E5B0C4D1-1220-4C57-B2B0-4A6F76CF89AB}.Release|iPhoneSimulator.Build.0 = Release|Any CPU
		{E5B0C4D1-1220-4C57-B2B0-4A6F76CF89AB}.Release|x64.ActiveCfg = Release|Any CPU
		{E5B0C4D1-1220-4C57-B2B0-4A6F76CF89AB}.Release|x64.Build.0 = Release|Any CPU
		{E5B0C4D1-1220-4C57-B2B0-4A6F76CF89AB}.Release|x86.ActiveCfg = Release|Any CPU
		{E5B0C4D1-1220-4C57-B2B0-4A6F76CF89AB}.Release|x86.Build.0 = Release|Any CPU
		{98677684-888A-46F7-9D08-9DDA207C1E78}.Ad-Hoc|Any CPU.ActiveCfg = Release|Any CPU
		{98677684-888A-46F7-9D08-9DDA207C1E78}.Ad-Hoc|Any CPU.Build.0 = Release|Any CPU
		{98677684-888A-46F7-9D08-9DDA207C1E78}.Ad-Hoc|ARM.ActiveCfg = Release|Any CPU
		{98677684-888A-46F7-9D08-9DDA207C1E78}.Ad-Hoc|ARM.Build.0 = Release|Any CPU
		{98677684-888A-46F7-9D08-9DDA207C1E78}.Ad-Hoc|iPhone.ActiveCfg = Release|Any CPU
		{98677684-888A-46F7-9D08-9DDA207C1E78}.Ad-Hoc|iPhone.Build.0 = Release|Any CPU
		{98677684-888A-46F7-9D08-9DDA207C1E78}.Ad-Hoc|iPhoneSimulator.ActiveCfg = Release|Any CPU
		{98677684-888A-46F7-9D08-9DDA207C1E78}.Ad-Hoc|iPhoneSimulator.Build.0 = Release|Any CPU
		{98677684-888A-46F7-9D08-9DDA207C1E78}.Ad-Hoc|x64.ActiveCfg = Release|Any CPU
		{98677684-888A-46F7-9D08-9DDA207C1E78}.Ad-Hoc|x64.Build.0 = Release|Any CPU
		{98677684-888A-46F7-9D08-9DDA207C1E78}.Ad-Hoc|x86.ActiveCfg = Release|Any CPU
		{98677684-888A-46F7-9D08-9DDA207C1E78}.Ad-Hoc|x86.Build.0 = Release|Any CPU
		{98677684-888A-46F7-9D08-9DDA207C1E78}.AppStore|Any CPU.ActiveCfg = Release|Any CPU
		{98677684-888A-46F7-9D08-9DDA207C1E78}.AppStore|Any CPU.Build.0 = Release|Any CPU
		{98677684-888A-46F7-9D08-9DDA207C1E78}.AppStore|ARM.ActiveCfg = Release|Any CPU
		{98677684-888A-46F7-9D08-9DDA207C1E78}.AppStore|ARM.Build.0 = Release|Any CPU
		{98677684-888A-46F7-9D08-9DDA207C1E78}.AppStore|iPhone.ActiveCfg = Release|Any CPU
		{98677684-888A-46F7-9D08-9DDA207C1E78}.AppStore|iPhone.Build.0 = Release|Any CPU
		{98677684-888A-46F7-9D08-9DDA207C1E78}.AppStore|iPhoneSimulator.ActiveCfg = Release|Any CPU
		{98677684-888A-46F7-9D08-9DDA207C1E78}.AppStore|iPhoneSimulator.Build.0 = Release|Any CPU
		{98677684-888A-46F7-9D08-9DDA207C1E78}.AppStore|x64.ActiveCfg = Release|Any CPU
		{98677684-888A-46F7-9D08-9DDA207C1E78}.AppStore|x64.Build.0 = Release|Any CPU
		{98677684-888A-46F7-9D08-9DDA207C1E78}.AppStore|x86.ActiveCfg = Release|Any CPU
		{98677684-888A-46F7-9D08-9DDA207C1E78}.AppStore|x86.Build.0 = Release|Any CPU
		{98677684-888A-46F7-9D08-9DDA207C1E78}.Debug|Any CPU.ActiveCfg = Debug|Any CPU
		{98677684-888A-46F7-9D08-9DDA207C1E78}.Debug|Any CPU.Build.0 = Debug|Any CPU
		{98677684-888A-46F7-9D08-9DDA207C1E78}.Debug|ARM.ActiveCfg = Debug|Any CPU
		{98677684-888A-46F7-9D08-9DDA207C1E78}.Debug|ARM.Build.0 = Debug|Any CPU
		{98677684-888A-46F7-9D08-9DDA207C1E78}.Debug|iPhone.ActiveCfg = Debug|Any CPU
		{98677684-888A-46F7-9D08-9DDA207C1E78}.Debug|iPhone.Build.0 = Debug|Any CPU
		{98677684-888A-46F7-9D08-9DDA207C1E78}.Debug|iPhoneSimulator.ActiveCfg = Debug|Any CPU
		{98677684-888A-46F7-9D08-9DDA207C1E78}.Debug|iPhoneSimulator.Build.0 = Debug|Any CPU
		{98677684-888A-46F7-9D08-9DDA207C1E78}.Debug|x64.ActiveCfg = Debug|Any CPU
		{98677684-888A-46F7-9D08-9DDA207C1E78}.Debug|x64.Build.0 = Debug|Any CPU
		{98677684-888A-46F7-9D08-9DDA207C1E78}.Debug|x86.ActiveCfg = Debug|Any CPU
		{98677684-888A-46F7-9D08-9DDA207C1E78}.Debug|x86.Build.0 = Debug|Any CPU
		{98677684-888A-46F7-9D08-9DDA207C1E78}.Release|Any CPU.ActiveCfg = Release|Any CPU
		{98677684-888A-46F7-9D08-9DDA207C1E78}.Release|Any CPU.Build.0 = Release|Any CPU
		{98677684-888A-46F7-9D08-9DDA207C1E78}.Release|ARM.ActiveCfg = Release|Any CPU
		{98677684-888A-46F7-9D08-9DDA207C1E78}.Release|ARM.Build.0 = Release|Any CPU
		{98677684-888A-46F7-9D08-9DDA207C1E78}.Release|iPhone.ActiveCfg = Release|Any CPU
		{98677684-888A-46F7-9D08-9DDA207C1E78}.Release|iPhone.Build.0 = Release|Any CPU
		{98677684-888A-46F7-9D08-9DDA207C1E78}.Release|iPhoneSimulator.ActiveCfg = Release|Any CPU
		{98677684-888A-46F7-9D08-9DDA207C1E78}.Release|iPhoneSimulator.Build.0 = Release|Any CPU
		{98677684-888A-46F7-9D08-9DDA207C1E78}.Release|x64.ActiveCfg = Release|Any CPU
		{98677684-888A-46F7-9D08-9DDA207C1E78}.Release|x64.Build.0 = Release|Any CPU
		{98677684-888A-46F7-9D08-9DDA207C1E78}.Release|x86.ActiveCfg = Release|Any CPU
		{98677684-888A-46F7-9D08-9DDA207C1E78}.Release|x86.Build.0 = Release|Any CPU
		{E134014A-44F2-4B2B-B40A-FF998DEFF8AA}.Ad-Hoc|Any CPU.ActiveCfg = Debug|Any CPU
		{E134014A-44F2-4B2B-B40A-FF998DEFF8AA}.Ad-Hoc|Any CPU.Build.0 = Debug|Any CPU
		{E134014A-44F2-4B2B-B40A-FF998DEFF8AA}.Ad-Hoc|Any CPU.Deploy.0 = Debug|Any CPU
		{E134014A-44F2-4B2B-B40A-FF998DEFF8AA}.Ad-Hoc|ARM.ActiveCfg = Debug|Any CPU
		{E134014A-44F2-4B2B-B40A-FF998DEFF8AA}.Ad-Hoc|ARM.Build.0 = Debug|Any CPU
		{E134014A-44F2-4B2B-B40A-FF998DEFF8AA}.Ad-Hoc|ARM.Deploy.0 = Debug|Any CPU
		{E134014A-44F2-4B2B-B40A-FF998DEFF8AA}.Ad-Hoc|iPhone.ActiveCfg = Debug|Any CPU
		{E134014A-44F2-4B2B-B40A-FF998DEFF8AA}.Ad-Hoc|iPhone.Build.0 = Debug|Any CPU
		{E134014A-44F2-4B2B-B40A-FF998DEFF8AA}.Ad-Hoc|iPhone.Deploy.0 = Debug|Any CPU
		{E134014A-44F2-4B2B-B40A-FF998DEFF8AA}.Ad-Hoc|iPhoneSimulator.ActiveCfg = Debug|Any CPU
		{E134014A-44F2-4B2B-B40A-FF998DEFF8AA}.Ad-Hoc|iPhoneSimulator.Build.0 = Debug|Any CPU
		{E134014A-44F2-4B2B-B40A-FF998DEFF8AA}.Ad-Hoc|iPhoneSimulator.Deploy.0 = Debug|Any CPU
		{E134014A-44F2-4B2B-B40A-FF998DEFF8AA}.Ad-Hoc|x64.ActiveCfg = Debug|Any CPU
		{E134014A-44F2-4B2B-B40A-FF998DEFF8AA}.Ad-Hoc|x64.Build.0 = Debug|Any CPU
		{E134014A-44F2-4B2B-B40A-FF998DEFF8AA}.Ad-Hoc|x64.Deploy.0 = Debug|Any CPU
		{E134014A-44F2-4B2B-B40A-FF998DEFF8AA}.Ad-Hoc|x86.ActiveCfg = Debug|Any CPU
		{E134014A-44F2-4B2B-B40A-FF998DEFF8AA}.Ad-Hoc|x86.Build.0 = Debug|Any CPU
		{E134014A-44F2-4B2B-B40A-FF998DEFF8AA}.Ad-Hoc|x86.Deploy.0 = Debug|Any CPU
		{E134014A-44F2-4B2B-B40A-FF998DEFF8AA}.AppStore|Any CPU.ActiveCfg = Debug|Any CPU
		{E134014A-44F2-4B2B-B40A-FF998DEFF8AA}.AppStore|Any CPU.Build.0 = Debug|Any CPU
		{E134014A-44F2-4B2B-B40A-FF998DEFF8AA}.AppStore|Any CPU.Deploy.0 = Debug|Any CPU
		{E134014A-44F2-4B2B-B40A-FF998DEFF8AA}.AppStore|ARM.ActiveCfg = Debug|Any CPU
		{E134014A-44F2-4B2B-B40A-FF998DEFF8AA}.AppStore|ARM.Build.0 = Debug|Any CPU
		{E134014A-44F2-4B2B-B40A-FF998DEFF8AA}.AppStore|ARM.Deploy.0 = Debug|Any CPU
		{E134014A-44F2-4B2B-B40A-FF998DEFF8AA}.AppStore|iPhone.ActiveCfg = Debug|Any CPU
		{E134014A-44F2-4B2B-B40A-FF998DEFF8AA}.AppStore|iPhone.Build.0 = Debug|Any CPU
		{E134014A-44F2-4B2B-B40A-FF998DEFF8AA}.AppStore|iPhone.Deploy.0 = Debug|Any CPU
		{E134014A-44F2-4B2B-B40A-FF998DEFF8AA}.AppStore|iPhoneSimulator.ActiveCfg = Debug|Any CPU
		{E134014A-44F2-4B2B-B40A-FF998DEFF8AA}.AppStore|iPhoneSimulator.Build.0 = Debug|Any CPU
		{E134014A-44F2-4B2B-B40A-FF998DEFF8AA}.AppStore|iPhoneSimulator.Deploy.0 = Debug|Any CPU
		{E134014A-44F2-4B2B-B40A-FF998DEFF8AA}.AppStore|x64.ActiveCfg = Debug|Any CPU
		{E134014A-44F2-4B2B-B40A-FF998DEFF8AA}.AppStore|x64.Build.0 = Debug|Any CPU
		{E134014A-44F2-4B2B-B40A-FF998DEFF8AA}.AppStore|x64.Deploy.0 = Debug|Any CPU
		{E134014A-44F2-4B2B-B40A-FF998DEFF8AA}.AppStore|x86.ActiveCfg = Debug|Any CPU
		{E134014A-44F2-4B2B-B40A-FF998DEFF8AA}.AppStore|x86.Build.0 = Debug|Any CPU
		{E134014A-44F2-4B2B-B40A-FF998DEFF8AA}.AppStore|x86.Deploy.0 = Debug|Any CPU
		{E134014A-44F2-4B2B-B40A-FF998DEFF8AA}.Debug|Any CPU.ActiveCfg = Debug|Any CPU
		{E134014A-44F2-4B2B-B40A-FF998DEFF8AA}.Debug|Any CPU.Build.0 = Debug|Any CPU
		{E134014A-44F2-4B2B-B40A-FF998DEFF8AA}.Debug|Any CPU.Deploy.0 = Debug|Any CPU
		{E134014A-44F2-4B2B-B40A-FF998DEFF8AA}.Debug|ARM.ActiveCfg = Debug|Any CPU
		{E134014A-44F2-4B2B-B40A-FF998DEFF8AA}.Debug|ARM.Build.0 = Debug|Any CPU
		{E134014A-44F2-4B2B-B40A-FF998DEFF8AA}.Debug|ARM.Deploy.0 = Debug|Any CPU
		{E134014A-44F2-4B2B-B40A-FF998DEFF8AA}.Debug|iPhone.ActiveCfg = Debug|Any CPU
		{E134014A-44F2-4B2B-B40A-FF998DEFF8AA}.Debug|iPhone.Build.0 = Debug|Any CPU
		{E134014A-44F2-4B2B-B40A-FF998DEFF8AA}.Debug|iPhone.Deploy.0 = Debug|Any CPU
		{E134014A-44F2-4B2B-B40A-FF998DEFF8AA}.Debug|iPhoneSimulator.ActiveCfg = Debug|Any CPU
		{E134014A-44F2-4B2B-B40A-FF998DEFF8AA}.Debug|iPhoneSimulator.Build.0 = Debug|Any CPU
		{E134014A-44F2-4B2B-B40A-FF998DEFF8AA}.Debug|iPhoneSimulator.Deploy.0 = Debug|Any CPU
		{E134014A-44F2-4B2B-B40A-FF998DEFF8AA}.Debug|x64.ActiveCfg = Debug|Any CPU
		{E134014A-44F2-4B2B-B40A-FF998DEFF8AA}.Debug|x64.Build.0 = Debug|Any CPU
		{E134014A-44F2-4B2B-B40A-FF998DEFF8AA}.Debug|x64.Deploy.0 = Debug|Any CPU
		{E134014A-44F2-4B2B-B40A-FF998DEFF8AA}.Debug|x86.ActiveCfg = Debug|Any CPU
		{E134014A-44F2-4B2B-B40A-FF998DEFF8AA}.Debug|x86.Build.0 = Debug|Any CPU
		{E134014A-44F2-4B2B-B40A-FF998DEFF8AA}.Debug|x86.Deploy.0 = Debug|Any CPU
		{E134014A-44F2-4B2B-B40A-FF998DEFF8AA}.Release|Any CPU.ActiveCfg = Release|Any CPU
		{E134014A-44F2-4B2B-B40A-FF998DEFF8AA}.Release|Any CPU.Build.0 = Release|Any CPU
		{E134014A-44F2-4B2B-B40A-FF998DEFF8AA}.Release|Any CPU.Deploy.0 = Release|Any CPU
		{E134014A-44F2-4B2B-B40A-FF998DEFF8AA}.Release|ARM.ActiveCfg = Release|Any CPU
		{E134014A-44F2-4B2B-B40A-FF998DEFF8AA}.Release|ARM.Build.0 = Release|Any CPU
		{E134014A-44F2-4B2B-B40A-FF998DEFF8AA}.Release|ARM.Deploy.0 = Release|Any CPU
		{E134014A-44F2-4B2B-B40A-FF998DEFF8AA}.Release|iPhone.ActiveCfg = Release|Any CPU
		{E134014A-44F2-4B2B-B40A-FF998DEFF8AA}.Release|iPhone.Build.0 = Release|Any CPU
		{E134014A-44F2-4B2B-B40A-FF998DEFF8AA}.Release|iPhone.Deploy.0 = Release|Any CPU
		{E134014A-44F2-4B2B-B40A-FF998DEFF8AA}.Release|iPhoneSimulator.ActiveCfg = Release|Any CPU
		{E134014A-44F2-4B2B-B40A-FF998DEFF8AA}.Release|iPhoneSimulator.Build.0 = Release|Any CPU
		{E134014A-44F2-4B2B-B40A-FF998DEFF8AA}.Release|iPhoneSimulator.Deploy.0 = Release|Any CPU
		{E134014A-44F2-4B2B-B40A-FF998DEFF8AA}.Release|x64.ActiveCfg = Release|Any CPU
		{E134014A-44F2-4B2B-B40A-FF998DEFF8AA}.Release|x64.Build.0 = Release|Any CPU
		{E134014A-44F2-4B2B-B40A-FF998DEFF8AA}.Release|x64.Deploy.0 = Release|Any CPU
		{E134014A-44F2-4B2B-B40A-FF998DEFF8AA}.Release|x86.ActiveCfg = Release|Any CPU
		{E134014A-44F2-4B2B-B40A-FF998DEFF8AA}.Release|x86.Build.0 = Release|Any CPU
		{E134014A-44F2-4B2B-B40A-FF998DEFF8AA}.Release|x86.Deploy.0 = Release|Any CPU
		{791855E0-6B0E-44EF-AA44-47AA9F012388}.Ad-Hoc|Any CPU.ActiveCfg = Release|Any CPU
		{791855E0-6B0E-44EF-AA44-47AA9F012388}.Ad-Hoc|Any CPU.Build.0 = Release|Any CPU
		{791855E0-6B0E-44EF-AA44-47AA9F012388}.Ad-Hoc|ARM.ActiveCfg = Release|Any CPU
		{791855E0-6B0E-44EF-AA44-47AA9F012388}.Ad-Hoc|ARM.Build.0 = Release|Any CPU
		{791855E0-6B0E-44EF-AA44-47AA9F012388}.Ad-Hoc|iPhone.ActiveCfg = Release|Any CPU
		{791855E0-6B0E-44EF-AA44-47AA9F012388}.Ad-Hoc|iPhone.Build.0 = Release|Any CPU
		{791855E0-6B0E-44EF-AA44-47AA9F012388}.Ad-Hoc|iPhoneSimulator.ActiveCfg = Release|Any CPU
		{791855E0-6B0E-44EF-AA44-47AA9F012388}.Ad-Hoc|iPhoneSimulator.Build.0 = Release|Any CPU
		{791855E0-6B0E-44EF-AA44-47AA9F012388}.Ad-Hoc|x64.ActiveCfg = Release|Any CPU
		{791855E0-6B0E-44EF-AA44-47AA9F012388}.Ad-Hoc|x64.Build.0 = Release|Any CPU
		{791855E0-6B0E-44EF-AA44-47AA9F012388}.Ad-Hoc|x86.ActiveCfg = Release|Any CPU
		{791855E0-6B0E-44EF-AA44-47AA9F012388}.Ad-Hoc|x86.Build.0 = Release|Any CPU
		{791855E0-6B0E-44EF-AA44-47AA9F012388}.AppStore|Any CPU.ActiveCfg = Release|Any CPU
		{791855E0-6B0E-44EF-AA44-47AA9F012388}.AppStore|Any CPU.Build.0 = Release|Any CPU
		{791855E0-6B0E-44EF-AA44-47AA9F012388}.AppStore|ARM.ActiveCfg = Release|Any CPU
		{791855E0-6B0E-44EF-AA44-47AA9F012388}.AppStore|ARM.Build.0 = Release|Any CPU
		{791855E0-6B0E-44EF-AA44-47AA9F012388}.AppStore|iPhone.ActiveCfg = Release|Any CPU
		{791855E0-6B0E-44EF-AA44-47AA9F012388}.AppStore|iPhone.Build.0 = Release|Any CPU
		{791855E0-6B0E-44EF-AA44-47AA9F012388}.AppStore|iPhoneSimulator.ActiveCfg = Release|Any CPU
		{791855E0-6B0E-44EF-AA44-47AA9F012388}.AppStore|iPhoneSimulator.Build.0 = Release|Any CPU
		{791855E0-6B0E-44EF-AA44-47AA9F012388}.AppStore|x64.ActiveCfg = Release|Any CPU
		{791855E0-6B0E-44EF-AA44-47AA9F012388}.AppStore|x64.Build.0 = Release|Any CPU
		{791855E0-6B0E-44EF-AA44-47AA9F012388}.AppStore|x86.ActiveCfg = Release|Any CPU
		{791855E0-6B0E-44EF-AA44-47AA9F012388}.AppStore|x86.Build.0 = Release|Any CPU
		{791855E0-6B0E-44EF-AA44-47AA9F012388}.Debug|Any CPU.ActiveCfg = Debug|Any CPU
		{791855E0-6B0E-44EF-AA44-47AA9F012388}.Debug|Any CPU.Build.0 = Debug|Any CPU
		{791855E0-6B0E-44EF-AA44-47AA9F012388}.Debug|ARM.ActiveCfg = Debug|Any CPU
		{791855E0-6B0E-44EF-AA44-47AA9F012388}.Debug|ARM.Build.0 = Debug|Any CPU
		{791855E0-6B0E-44EF-AA44-47AA9F012388}.Debug|iPhone.ActiveCfg = Debug|Any CPU
		{791855E0-6B0E-44EF-AA44-47AA9F012388}.Debug|iPhone.Build.0 = Debug|Any CPU
		{791855E0-6B0E-44EF-AA44-47AA9F012388}.Debug|iPhoneSimulator.ActiveCfg = Debug|Any CPU
		{791855E0-6B0E-44EF-AA44-47AA9F012388}.Debug|iPhoneSimulator.Build.0 = Debug|Any CPU
		{791855E0-6B0E-44EF-AA44-47AA9F012388}.Debug|x64.ActiveCfg = Debug|Any CPU
		{791855E0-6B0E-44EF-AA44-47AA9F012388}.Debug|x64.Build.0 = Debug|Any CPU
		{791855E0-6B0E-44EF-AA44-47AA9F012388}.Debug|x86.ActiveCfg = Debug|Any CPU
		{791855E0-6B0E-44EF-AA44-47AA9F012388}.Debug|x86.Build.0 = Debug|Any CPU
		{791855E0-6B0E-44EF-AA44-47AA9F012388}.Release|Any CPU.ActiveCfg = Release|Any CPU
		{791855E0-6B0E-44EF-AA44-47AA9F012388}.Release|Any CPU.Build.0 = Release|Any CPU
		{791855E0-6B0E-44EF-AA44-47AA9F012388}.Release|ARM.ActiveCfg = Release|Any CPU
		{791855E0-6B0E-44EF-AA44-47AA9F012388}.Release|ARM.Build.0 = Release|Any CPU
		{791855E0-6B0E-44EF-AA44-47AA9F012388}.Release|iPhone.ActiveCfg = Release|Any CPU
		{791855E0-6B0E-44EF-AA44-47AA9F012388}.Release|iPhone.Build.0 = Release|Any CPU
		{791855E0-6B0E-44EF-AA44-47AA9F012388}.Release|iPhoneSimulator.ActiveCfg = Release|Any CPU
		{791855E0-6B0E-44EF-AA44-47AA9F012388}.Release|iPhoneSimulator.Build.0 = Release|Any CPU
		{791855E0-6B0E-44EF-AA44-47AA9F012388}.Release|x64.ActiveCfg = Release|Any CPU
		{791855E0-6B0E-44EF-AA44-47AA9F012388}.Release|x64.Build.0 = Release|Any CPU
		{791855E0-6B0E-44EF-AA44-47AA9F012388}.Release|x86.ActiveCfg = Release|Any CPU
		{791855E0-6B0E-44EF-AA44-47AA9F012388}.Release|x86.Build.0 = Release|Any CPU
		{509C80EC-CF52-4860-A6A3-FA769C45DD22}.Ad-Hoc|Any CPU.ActiveCfg = Release|Any CPU
		{509C80EC-CF52-4860-A6A3-FA769C45DD22}.Ad-Hoc|Any CPU.Build.0 = Release|Any CPU
		{509C80EC-CF52-4860-A6A3-FA769C45DD22}.Ad-Hoc|ARM.ActiveCfg = Release|Any CPU
		{509C80EC-CF52-4860-A6A3-FA769C45DD22}.Ad-Hoc|ARM.Build.0 = Release|Any CPU
		{509C80EC-CF52-4860-A6A3-FA769C45DD22}.Ad-Hoc|iPhone.ActiveCfg = Release|Any CPU
		{509C80EC-CF52-4860-A6A3-FA769C45DD22}.Ad-Hoc|iPhone.Build.0 = Release|Any CPU
		{509C80EC-CF52-4860-A6A3-FA769C45DD22}.Ad-Hoc|iPhoneSimulator.ActiveCfg = Release|Any CPU
		{509C80EC-CF52-4860-A6A3-FA769C45DD22}.Ad-Hoc|iPhoneSimulator.Build.0 = Release|Any CPU
		{509C80EC-CF52-4860-A6A3-FA769C45DD22}.Ad-Hoc|x64.ActiveCfg = Release|Any CPU
		{509C80EC-CF52-4860-A6A3-FA769C45DD22}.Ad-Hoc|x64.Build.0 = Release|Any CPU
		{509C80EC-CF52-4860-A6A3-FA769C45DD22}.Ad-Hoc|x86.ActiveCfg = Release|Any CPU
		{509C80EC-CF52-4860-A6A3-FA769C45DD22}.Ad-Hoc|x86.Build.0 = Release|Any CPU
		{509C80EC-CF52-4860-A6A3-FA769C45DD22}.AppStore|Any CPU.ActiveCfg = Release|Any CPU
		{509C80EC-CF52-4860-A6A3-FA769C45DD22}.AppStore|Any CPU.Build.0 = Release|Any CPU
		{509C80EC-CF52-4860-A6A3-FA769C45DD22}.AppStore|ARM.ActiveCfg = Release|Any CPU
		{509C80EC-CF52-4860-A6A3-FA769C45DD22}.AppStore|ARM.Build.0 = Release|Any CPU
		{509C80EC-CF52-4860-A6A3-FA769C45DD22}.AppStore|iPhone.ActiveCfg = Release|Any CPU
		{509C80EC-CF52-4860-A6A3-FA769C45DD22}.AppStore|iPhone.Build.0 = Release|Any CPU
		{509C80EC-CF52-4860-A6A3-FA769C45DD22}.AppStore|iPhoneSimulator.ActiveCfg = Release|Any CPU
		{509C80EC-CF52-4860-A6A3-FA769C45DD22}.AppStore|iPhoneSimulator.Build.0 = Release|Any CPU
		{509C80EC-CF52-4860-A6A3-FA769C45DD22}.AppStore|x64.ActiveCfg = Release|Any CPU
		{509C80EC-CF52-4860-A6A3-FA769C45DD22}.AppStore|x64.Build.0 = Release|Any CPU
		{509C80EC-CF52-4860-A6A3-FA769C45DD22}.AppStore|x86.ActiveCfg = Release|Any CPU
		{509C80EC-CF52-4860-A6A3-FA769C45DD22}.AppStore|x86.Build.0 = Release|Any CPU
		{509C80EC-CF52-4860-A6A3-FA769C45DD22}.Debug|Any CPU.ActiveCfg = Debug|Any CPU
		{509C80EC-CF52-4860-A6A3-FA769C45DD22}.Debug|Any CPU.Build.0 = Debug|Any CPU
		{509C80EC-CF52-4860-A6A3-FA769C45DD22}.Debug|ARM.ActiveCfg = Debug|Any CPU
		{509C80EC-CF52-4860-A6A3-FA769C45DD22}.Debug|ARM.Build.0 = Debug|Any CPU
		{509C80EC-CF52-4860-A6A3-FA769C45DD22}.Debug|iPhone.ActiveCfg = Debug|Any CPU
		{509C80EC-CF52-4860-A6A3-FA769C45DD22}.Debug|iPhone.Build.0 = Debug|Any CPU
		{509C80EC-CF52-4860-A6A3-FA769C45DD22}.Debug|iPhoneSimulator.ActiveCfg = Debug|Any CPU
		{509C80EC-CF52-4860-A6A3-FA769C45DD22}.Debug|iPhoneSimulator.Build.0 = Debug|Any CPU
		{509C80EC-CF52-4860-A6A3-FA769C45DD22}.Debug|x64.ActiveCfg = Debug|Any CPU
		{509C80EC-CF52-4860-A6A3-FA769C45DD22}.Debug|x64.Build.0 = Debug|Any CPU
		{509C80EC-CF52-4860-A6A3-FA769C45DD22}.Debug|x86.ActiveCfg = Debug|Any CPU
		{509C80EC-CF52-4860-A6A3-FA769C45DD22}.Debug|x86.Build.0 = Debug|Any CPU
		{509C80EC-CF52-4860-A6A3-FA769C45DD22}.Release|Any CPU.ActiveCfg = Release|Any CPU
		{509C80EC-CF52-4860-A6A3-FA769C45DD22}.Release|Any CPU.Build.0 = Release|Any CPU
		{509C80EC-CF52-4860-A6A3-FA769C45DD22}.Release|ARM.ActiveCfg = Release|Any CPU
		{509C80EC-CF52-4860-A6A3-FA769C45DD22}.Release|ARM.Build.0 = Release|Any CPU
		{509C80EC-CF52-4860-A6A3-FA769C45DD22}.Release|iPhone.ActiveCfg = Release|Any CPU
		{509C80EC-CF52-4860-A6A3-FA769C45DD22}.Release|iPhone.Build.0 = Release|Any CPU
		{509C80EC-CF52-4860-A6A3-FA769C45DD22}.Release|iPhoneSimulator.ActiveCfg = Release|Any CPU
		{509C80EC-CF52-4860-A6A3-FA769C45DD22}.Release|iPhoneSimulator.Build.0 = Release|Any CPU
		{509C80EC-CF52-4860-A6A3-FA769C45DD22}.Release|x64.ActiveCfg = Release|Any CPU
		{509C80EC-CF52-4860-A6A3-FA769C45DD22}.Release|x64.Build.0 = Release|Any CPU
		{509C80EC-CF52-4860-A6A3-FA769C45DD22}.Release|x86.ActiveCfg = Release|Any CPU
		{509C80EC-CF52-4860-A6A3-FA769C45DD22}.Release|x86.Build.0 = Release|Any CPU
		{35B8B44D-8744-47A2-A1D4-F99AEED5C1D5}.Ad-Hoc|Any CPU.ActiveCfg = Release|Any CPU
		{35B8B44D-8744-47A2-A1D4-F99AEED5C1D5}.Ad-Hoc|Any CPU.Build.0 = Release|Any CPU
		{35B8B44D-8744-47A2-A1D4-F99AEED5C1D5}.Ad-Hoc|Any CPU.Deploy.0 = Release|Any CPU
		{35B8B44D-8744-47A2-A1D4-F99AEED5C1D5}.Ad-Hoc|ARM.ActiveCfg = Release|Any CPU
		{35B8B44D-8744-47A2-A1D4-F99AEED5C1D5}.Ad-Hoc|ARM.Build.0 = Release|Any CPU
		{35B8B44D-8744-47A2-A1D4-F99AEED5C1D5}.Ad-Hoc|ARM.Deploy.0 = Release|Any CPU
		{35B8B44D-8744-47A2-A1D4-F99AEED5C1D5}.Ad-Hoc|iPhone.ActiveCfg = Release|Any CPU
		{35B8B44D-8744-47A2-A1D4-F99AEED5C1D5}.Ad-Hoc|iPhone.Build.0 = Release|Any CPU
		{35B8B44D-8744-47A2-A1D4-F99AEED5C1D5}.Ad-Hoc|iPhone.Deploy.0 = Release|Any CPU
		{35B8B44D-8744-47A2-A1D4-F99AEED5C1D5}.Ad-Hoc|iPhoneSimulator.ActiveCfg = Release|Any CPU
		{35B8B44D-8744-47A2-A1D4-F99AEED5C1D5}.Ad-Hoc|iPhoneSimulator.Build.0 = Release|Any CPU
		{35B8B44D-8744-47A2-A1D4-F99AEED5C1D5}.Ad-Hoc|iPhoneSimulator.Deploy.0 = Release|Any CPU
		{35B8B44D-8744-47A2-A1D4-F99AEED5C1D5}.Ad-Hoc|x64.ActiveCfg = Release|Any CPU
		{35B8B44D-8744-47A2-A1D4-F99AEED5C1D5}.Ad-Hoc|x64.Build.0 = Release|Any CPU
		{35B8B44D-8744-47A2-A1D4-F99AEED5C1D5}.Ad-Hoc|x64.Deploy.0 = Release|Any CPU
		{35B8B44D-8744-47A2-A1D4-F99AEED5C1D5}.Ad-Hoc|x86.ActiveCfg = Release|Any CPU
		{35B8B44D-8744-47A2-A1D4-F99AEED5C1D5}.Ad-Hoc|x86.Build.0 = Release|Any CPU
		{35B8B44D-8744-47A2-A1D4-F99AEED5C1D5}.Ad-Hoc|x86.Deploy.0 = Release|Any CPU
		{35B8B44D-8744-47A2-A1D4-F99AEED5C1D5}.AppStore|Any CPU.ActiveCfg = Release|Any CPU
		{35B8B44D-8744-47A2-A1D4-F99AEED5C1D5}.AppStore|Any CPU.Build.0 = Release|Any CPU
		{35B8B44D-8744-47A2-A1D4-F99AEED5C1D5}.AppStore|Any CPU.Deploy.0 = Release|Any CPU
		{35B8B44D-8744-47A2-A1D4-F99AEED5C1D5}.AppStore|ARM.ActiveCfg = Release|Any CPU
		{35B8B44D-8744-47A2-A1D4-F99AEED5C1D5}.AppStore|ARM.Build.0 = Release|Any CPU
		{35B8B44D-8744-47A2-A1D4-F99AEED5C1D5}.AppStore|ARM.Deploy.0 = Release|Any CPU
		{35B8B44D-8744-47A2-A1D4-F99AEED5C1D5}.AppStore|iPhone.ActiveCfg = Release|Any CPU
		{35B8B44D-8744-47A2-A1D4-F99AEED5C1D5}.AppStore|iPhone.Build.0 = Release|Any CPU
		{35B8B44D-8744-47A2-A1D4-F99AEED5C1D5}.AppStore|iPhone.Deploy.0 = Release|Any CPU
		{35B8B44D-8744-47A2-A1D4-F99AEED5C1D5}.AppStore|iPhoneSimulator.ActiveCfg = Release|Any CPU
		{35B8B44D-8744-47A2-A1D4-F99AEED5C1D5}.AppStore|iPhoneSimulator.Build.0 = Release|Any CPU
		{35B8B44D-8744-47A2-A1D4-F99AEED5C1D5}.AppStore|iPhoneSimulator.Deploy.0 = Release|Any CPU
		{35B8B44D-8744-47A2-A1D4-F99AEED5C1D5}.AppStore|x64.ActiveCfg = Release|Any CPU
		{35B8B44D-8744-47A2-A1D4-F99AEED5C1D5}.AppStore|x64.Build.0 = Release|Any CPU
		{35B8B44D-8744-47A2-A1D4-F99AEED5C1D5}.AppStore|x64.Deploy.0 = Release|Any CPU
		{35B8B44D-8744-47A2-A1D4-F99AEED5C1D5}.AppStore|x86.ActiveCfg = Release|Any CPU
		{35B8B44D-8744-47A2-A1D4-F99AEED5C1D5}.AppStore|x86.Build.0 = Release|Any CPU
		{35B8B44D-8744-47A2-A1D4-F99AEED5C1D5}.AppStore|x86.Deploy.0 = Release|Any CPU
		{35B8B44D-8744-47A2-A1D4-F99AEED5C1D5}.Debug|Any CPU.ActiveCfg = Debug|Any CPU
		{35B8B44D-8744-47A2-A1D4-F99AEED5C1D5}.Debug|Any CPU.Build.0 = Debug|Any CPU
		{35B8B44D-8744-47A2-A1D4-F99AEED5C1D5}.Debug|Any CPU.Deploy.0 = Debug|Any CPU
		{35B8B44D-8744-47A2-A1D4-F99AEED5C1D5}.Debug|ARM.ActiveCfg = Debug|Any CPU
		{35B8B44D-8744-47A2-A1D4-F99AEED5C1D5}.Debug|ARM.Build.0 = Debug|Any CPU
		{35B8B44D-8744-47A2-A1D4-F99AEED5C1D5}.Debug|ARM.Deploy.0 = Debug|Any CPU
		{35B8B44D-8744-47A2-A1D4-F99AEED5C1D5}.Debug|iPhone.ActiveCfg = Debug|Any CPU
		{35B8B44D-8744-47A2-A1D4-F99AEED5C1D5}.Debug|iPhone.Build.0 = Debug|Any CPU
		{35B8B44D-8744-47A2-A1D4-F99AEED5C1D5}.Debug|iPhone.Deploy.0 = Debug|Any CPU
		{35B8B44D-8744-47A2-A1D4-F99AEED5C1D5}.Debug|iPhoneSimulator.ActiveCfg = Debug|Any CPU
		{35B8B44D-8744-47A2-A1D4-F99AEED5C1D5}.Debug|iPhoneSimulator.Build.0 = Debug|Any CPU
		{35B8B44D-8744-47A2-A1D4-F99AEED5C1D5}.Debug|iPhoneSimulator.Deploy.0 = Debug|Any CPU
		{35B8B44D-8744-47A2-A1D4-F99AEED5C1D5}.Debug|x64.ActiveCfg = Debug|Any CPU
		{35B8B44D-8744-47A2-A1D4-F99AEED5C1D5}.Debug|x64.Build.0 = Debug|Any CPU
		{35B8B44D-8744-47A2-A1D4-F99AEED5C1D5}.Debug|x64.Deploy.0 = Debug|Any CPU
		{35B8B44D-8744-47A2-A1D4-F99AEED5C1D5}.Debug|x86.ActiveCfg = Debug|Any CPU
		{35B8B44D-8744-47A2-A1D4-F99AEED5C1D5}.Debug|x86.Build.0 = Debug|Any CPU
		{35B8B44D-8744-47A2-A1D4-F99AEED5C1D5}.Debug|x86.Deploy.0 = Debug|Any CPU
		{35B8B44D-8744-47A2-A1D4-F99AEED5C1D5}.Release|Any CPU.ActiveCfg = Release|Any CPU
		{35B8B44D-8744-47A2-A1D4-F99AEED5C1D5}.Release|Any CPU.Build.0 = Release|Any CPU
		{35B8B44D-8744-47A2-A1D4-F99AEED5C1D5}.Release|Any CPU.Deploy.0 = Release|Any CPU
		{35B8B44D-8744-47A2-A1D4-F99AEED5C1D5}.Release|ARM.ActiveCfg = Release|Any CPU
		{35B8B44D-8744-47A2-A1D4-F99AEED5C1D5}.Release|ARM.Build.0 = Release|Any CPU
		{35B8B44D-8744-47A2-A1D4-F99AEED5C1D5}.Release|ARM.Deploy.0 = Release|Any CPU
		{35B8B44D-8744-47A2-A1D4-F99AEED5C1D5}.Release|iPhone.ActiveCfg = Release|Any CPU
		{35B8B44D-8744-47A2-A1D4-F99AEED5C1D5}.Release|iPhone.Build.0 = Release|Any CPU
		{35B8B44D-8744-47A2-A1D4-F99AEED5C1D5}.Release|iPhone.Deploy.0 = Release|Any CPU
		{35B8B44D-8744-47A2-A1D4-F99AEED5C1D5}.Release|iPhoneSimulator.ActiveCfg = Release|Any CPU
		{35B8B44D-8744-47A2-A1D4-F99AEED5C1D5}.Release|iPhoneSimulator.Build.0 = Release|Any CPU
		{35B8B44D-8744-47A2-A1D4-F99AEED5C1D5}.Release|iPhoneSimulator.Deploy.0 = Release|Any CPU
		{35B8B44D-8744-47A2-A1D4-F99AEED5C1D5}.Release|x64.ActiveCfg = Release|Any CPU
		{35B8B44D-8744-47A2-A1D4-F99AEED5C1D5}.Release|x64.Build.0 = Release|Any CPU
		{35B8B44D-8744-47A2-A1D4-F99AEED5C1D5}.Release|x64.Deploy.0 = Release|Any CPU
		{35B8B44D-8744-47A2-A1D4-F99AEED5C1D5}.Release|x86.ActiveCfg = Release|Any CPU
		{35B8B44D-8744-47A2-A1D4-F99AEED5C1D5}.Release|x86.Build.0 = Release|Any CPU
		{35B8B44D-8744-47A2-A1D4-F99AEED5C1D5}.Release|x86.Deploy.0 = Release|Any CPU
		{2EE4621B-D230-4BFE-B417-5E8F371455D9}.Ad-Hoc|Any CPU.ActiveCfg = Ad-Hoc|iPhone
		{2EE4621B-D230-4BFE-B417-5E8F371455D9}.Ad-Hoc|ARM.ActiveCfg = Ad-Hoc|iPhone
		{2EE4621B-D230-4BFE-B417-5E8F371455D9}.Ad-Hoc|iPhone.ActiveCfg = Ad-Hoc|iPhone
		{2EE4621B-D230-4BFE-B417-5E8F371455D9}.Ad-Hoc|iPhone.Build.0 = Ad-Hoc|iPhone
		{2EE4621B-D230-4BFE-B417-5E8F371455D9}.Ad-Hoc|iPhoneSimulator.ActiveCfg = Ad-Hoc|iPhoneSimulator
		{2EE4621B-D230-4BFE-B417-5E8F371455D9}.Ad-Hoc|iPhoneSimulator.Build.0 = Ad-Hoc|iPhoneSimulator
		{2EE4621B-D230-4BFE-B417-5E8F371455D9}.Ad-Hoc|x64.ActiveCfg = Ad-Hoc|iPhone
		{2EE4621B-D230-4BFE-B417-5E8F371455D9}.Ad-Hoc|x86.ActiveCfg = Ad-Hoc|iPhone
		{2EE4621B-D230-4BFE-B417-5E8F371455D9}.AppStore|Any CPU.ActiveCfg = AppStore|iPhone
		{2EE4621B-D230-4BFE-B417-5E8F371455D9}.AppStore|ARM.ActiveCfg = AppStore|iPhone
		{2EE4621B-D230-4BFE-B417-5E8F371455D9}.AppStore|iPhone.ActiveCfg = AppStore|iPhone
		{2EE4621B-D230-4BFE-B417-5E8F371455D9}.AppStore|iPhone.Build.0 = AppStore|iPhone
		{2EE4621B-D230-4BFE-B417-5E8F371455D9}.AppStore|iPhoneSimulator.ActiveCfg = AppStore|iPhoneSimulator
		{2EE4621B-D230-4BFE-B417-5E8F371455D9}.AppStore|iPhoneSimulator.Build.0 = AppStore|iPhoneSimulator
		{2EE4621B-D230-4BFE-B417-5E8F371455D9}.AppStore|x64.ActiveCfg = AppStore|iPhone
		{2EE4621B-D230-4BFE-B417-5E8F371455D9}.AppStore|x86.ActiveCfg = AppStore|iPhone
		{2EE4621B-D230-4BFE-B417-5E8F371455D9}.Debug|Any CPU.ActiveCfg = Debug|iPhone
		{2EE4621B-D230-4BFE-B417-5E8F371455D9}.Debug|ARM.ActiveCfg = Debug|iPhone
		{2EE4621B-D230-4BFE-B417-5E8F371455D9}.Debug|iPhone.ActiveCfg = Debug|iPhone
		{2EE4621B-D230-4BFE-B417-5E8F371455D9}.Debug|iPhone.Build.0 = Debug|iPhone
		{2EE4621B-D230-4BFE-B417-5E8F371455D9}.Debug|iPhoneSimulator.ActiveCfg = Debug|iPhoneSimulator
		{2EE4621B-D230-4BFE-B417-5E8F371455D9}.Debug|iPhoneSimulator.Build.0 = Debug|iPhoneSimulator
		{2EE4621B-D230-4BFE-B417-5E8F371455D9}.Debug|x64.ActiveCfg = Debug|iPhone
		{2EE4621B-D230-4BFE-B417-5E8F371455D9}.Debug|x86.ActiveCfg = Debug|iPhone
		{2EE4621B-D230-4BFE-B417-5E8F371455D9}.Release|Any CPU.ActiveCfg = Release|iPhone
		{2EE4621B-D230-4BFE-B417-5E8F371455D9}.Release|ARM.ActiveCfg = Release|iPhone
		{2EE4621B-D230-4BFE-B417-5E8F371455D9}.Release|iPhone.ActiveCfg = Release|iPhone
		{2EE4621B-D230-4BFE-B417-5E8F371455D9}.Release|iPhone.Build.0 = Release|iPhone
		{2EE4621B-D230-4BFE-B417-5E8F371455D9}.Release|iPhoneSimulator.ActiveCfg = Release|iPhoneSimulator
		{2EE4621B-D230-4BFE-B417-5E8F371455D9}.Release|iPhoneSimulator.Build.0 = Release|iPhoneSimulator
		{2EE4621B-D230-4BFE-B417-5E8F371455D9}.Release|x64.ActiveCfg = Release|iPhone
		{2EE4621B-D230-4BFE-B417-5E8F371455D9}.Release|x86.ActiveCfg = Release|iPhone
		{8F172442-BDDF-41EA-84E3-69CBE3D8C662}.Ad-Hoc|Any CPU.ActiveCfg = Release|x86
		{8F172442-BDDF-41EA-84E3-69CBE3D8C662}.Ad-Hoc|Any CPU.Build.0 = Release|x86
		{8F172442-BDDF-41EA-84E3-69CBE3D8C662}.Ad-Hoc|Any CPU.Deploy.0 = Release|x86
		{8F172442-BDDF-41EA-84E3-69CBE3D8C662}.Ad-Hoc|ARM.ActiveCfg = Release|ARM
		{8F172442-BDDF-41EA-84E3-69CBE3D8C662}.Ad-Hoc|ARM.Build.0 = Release|ARM
		{8F172442-BDDF-41EA-84E3-69CBE3D8C662}.Ad-Hoc|ARM.Deploy.0 = Release|ARM
		{8F172442-BDDF-41EA-84E3-69CBE3D8C662}.Ad-Hoc|iPhone.ActiveCfg = Release|x86
		{8F172442-BDDF-41EA-84E3-69CBE3D8C662}.Ad-Hoc|iPhone.Build.0 = Release|x86
		{8F172442-BDDF-41EA-84E3-69CBE3D8C662}.Ad-Hoc|iPhone.Deploy.0 = Release|x86
		{8F172442-BDDF-41EA-84E3-69CBE3D8C662}.Ad-Hoc|iPhoneSimulator.ActiveCfg = Release|x86
		{8F172442-BDDF-41EA-84E3-69CBE3D8C662}.Ad-Hoc|iPhoneSimulator.Build.0 = Release|x86
		{8F172442-BDDF-41EA-84E3-69CBE3D8C662}.Ad-Hoc|iPhoneSimulator.Deploy.0 = Release|x86
		{8F172442-BDDF-41EA-84E3-69CBE3D8C662}.Ad-Hoc|x64.ActiveCfg = Release|x64
		{8F172442-BDDF-41EA-84E3-69CBE3D8C662}.Ad-Hoc|x64.Build.0 = Release|x64
		{8F172442-BDDF-41EA-84E3-69CBE3D8C662}.Ad-Hoc|x64.Deploy.0 = Release|x64
		{8F172442-BDDF-41EA-84E3-69CBE3D8C662}.Ad-Hoc|x86.ActiveCfg = Release|x86
		{8F172442-BDDF-41EA-84E3-69CBE3D8C662}.Ad-Hoc|x86.Build.0 = Release|x86
		{8F172442-BDDF-41EA-84E3-69CBE3D8C662}.Ad-Hoc|x86.Deploy.0 = Release|x86
		{8F172442-BDDF-41EA-84E3-69CBE3D8C662}.AppStore|Any CPU.ActiveCfg = Release|x86
		{8F172442-BDDF-41EA-84E3-69CBE3D8C662}.AppStore|Any CPU.Build.0 = Release|x86
		{8F172442-BDDF-41EA-84E3-69CBE3D8C662}.AppStore|Any CPU.Deploy.0 = Release|x86
		{8F172442-BDDF-41EA-84E3-69CBE3D8C662}.AppStore|ARM.ActiveCfg = Release|ARM
		{8F172442-BDDF-41EA-84E3-69CBE3D8C662}.AppStore|ARM.Build.0 = Release|ARM
		{8F172442-BDDF-41EA-84E3-69CBE3D8C662}.AppStore|ARM.Deploy.0 = Release|ARM
		{8F172442-BDDF-41EA-84E3-69CBE3D8C662}.AppStore|iPhone.ActiveCfg = Release|x86
		{8F172442-BDDF-41EA-84E3-69CBE3D8C662}.AppStore|iPhone.Build.0 = Release|x86
		{8F172442-BDDF-41EA-84E3-69CBE3D8C662}.AppStore|iPhone.Deploy.0 = Release|x86
		{8F172442-BDDF-41EA-84E3-69CBE3D8C662}.AppStore|iPhoneSimulator.ActiveCfg = Release|x86
		{8F172442-BDDF-41EA-84E3-69CBE3D8C662}.AppStore|iPhoneSimulator.Build.0 = Release|x86
		{8F172442-BDDF-41EA-84E3-69CBE3D8C662}.AppStore|iPhoneSimulator.Deploy.0 = Release|x86
		{8F172442-BDDF-41EA-84E3-69CBE3D8C662}.AppStore|x64.ActiveCfg = Release|x64
		{8F172442-BDDF-41EA-84E3-69CBE3D8C662}.AppStore|x64.Build.0 = Release|x64
		{8F172442-BDDF-41EA-84E3-69CBE3D8C662}.AppStore|x64.Deploy.0 = Release|x64
		{8F172442-BDDF-41EA-84E3-69CBE3D8C662}.AppStore|x86.ActiveCfg = Release|x86
		{8F172442-BDDF-41EA-84E3-69CBE3D8C662}.AppStore|x86.Build.0 = Release|x86
		{8F172442-BDDF-41EA-84E3-69CBE3D8C662}.AppStore|x86.Deploy.0 = Release|x86
		{8F172442-BDDF-41EA-84E3-69CBE3D8C662}.Debug|Any CPU.ActiveCfg = Debug|x86
		{8F172442-BDDF-41EA-84E3-69CBE3D8C662}.Debug|ARM.ActiveCfg = Debug|ARM
		{8F172442-BDDF-41EA-84E3-69CBE3D8C662}.Debug|ARM.Build.0 = Debug|ARM
		{8F172442-BDDF-41EA-84E3-69CBE3D8C662}.Debug|ARM.Deploy.0 = Debug|ARM
		{8F172442-BDDF-41EA-84E3-69CBE3D8C662}.Debug|iPhone.ActiveCfg = Debug|x86
		{8F172442-BDDF-41EA-84E3-69CBE3D8C662}.Debug|iPhoneSimulator.ActiveCfg = Debug|x86
		{8F172442-BDDF-41EA-84E3-69CBE3D8C662}.Debug|x64.ActiveCfg = Debug|x64
		{8F172442-BDDF-41EA-84E3-69CBE3D8C662}.Debug|x64.Build.0 = Debug|x64
		{8F172442-BDDF-41EA-84E3-69CBE3D8C662}.Debug|x64.Deploy.0 = Debug|x64
		{8F172442-BDDF-41EA-84E3-69CBE3D8C662}.Debug|x86.ActiveCfg = Debug|x86
		{8F172442-BDDF-41EA-84E3-69CBE3D8C662}.Debug|x86.Build.0 = Debug|x86
		{8F172442-BDDF-41EA-84E3-69CBE3D8C662}.Debug|x86.Deploy.0 = Debug|x86
		{8F172442-BDDF-41EA-84E3-69CBE3D8C662}.Release|Any CPU.ActiveCfg = Release|x86
		{8F172442-BDDF-41EA-84E3-69CBE3D8C662}.Release|ARM.ActiveCfg = Release|ARM
		{8F172442-BDDF-41EA-84E3-69CBE3D8C662}.Release|ARM.Build.0 = Release|ARM
		{8F172442-BDDF-41EA-84E3-69CBE3D8C662}.Release|ARM.Deploy.0 = Release|ARM
		{8F172442-BDDF-41EA-84E3-69CBE3D8C662}.Release|iPhone.ActiveCfg = Release|x86
		{8F172442-BDDF-41EA-84E3-69CBE3D8C662}.Release|iPhoneSimulator.ActiveCfg = Release|x86
		{8F172442-BDDF-41EA-84E3-69CBE3D8C662}.Release|x64.ActiveCfg = Release|x64
		{8F172442-BDDF-41EA-84E3-69CBE3D8C662}.Release|x64.Build.0 = Release|x64
		{8F172442-BDDF-41EA-84E3-69CBE3D8C662}.Release|x64.Deploy.0 = Release|x64
		{8F172442-BDDF-41EA-84E3-69CBE3D8C662}.Release|x86.ActiveCfg = Release|x86
		{8F172442-BDDF-41EA-84E3-69CBE3D8C662}.Release|x86.Build.0 = Release|x86
		{8F172442-BDDF-41EA-84E3-69CBE3D8C662}.Release|x86.Deploy.0 = Release|x86
		{D3E8BD28-A5B1-4907-AF4D-0EDAEEB0952C}.Ad-Hoc|Any CPU.ActiveCfg = Release|Any CPU
		{D3E8BD28-A5B1-4907-AF4D-0EDAEEB0952C}.Ad-Hoc|Any CPU.Build.0 = Release|Any CPU
		{D3E8BD28-A5B1-4907-AF4D-0EDAEEB0952C}.Ad-Hoc|ARM.ActiveCfg = Release|Any CPU
		{D3E8BD28-A5B1-4907-AF4D-0EDAEEB0952C}.Ad-Hoc|ARM.Build.0 = Release|Any CPU
		{D3E8BD28-A5B1-4907-AF4D-0EDAEEB0952C}.Ad-Hoc|iPhone.ActiveCfg = Release|Any CPU
		{D3E8BD28-A5B1-4907-AF4D-0EDAEEB0952C}.Ad-Hoc|iPhone.Build.0 = Release|Any CPU
		{D3E8BD28-A5B1-4907-AF4D-0EDAEEB0952C}.Ad-Hoc|iPhoneSimulator.ActiveCfg = Release|Any CPU
		{D3E8BD28-A5B1-4907-AF4D-0EDAEEB0952C}.Ad-Hoc|iPhoneSimulator.Build.0 = Release|Any CPU
		{D3E8BD28-A5B1-4907-AF4D-0EDAEEB0952C}.Ad-Hoc|x64.ActiveCfg = Release|Any CPU
		{D3E8BD28-A5B1-4907-AF4D-0EDAEEB0952C}.Ad-Hoc|x64.Build.0 = Release|Any CPU
		{D3E8BD28-A5B1-4907-AF4D-0EDAEEB0952C}.Ad-Hoc|x86.ActiveCfg = Release|Any CPU
		{D3E8BD28-A5B1-4907-AF4D-0EDAEEB0952C}.Ad-Hoc|x86.Build.0 = Release|Any CPU
		{D3E8BD28-A5B1-4907-AF4D-0EDAEEB0952C}.AppStore|Any CPU.ActiveCfg = Release|Any CPU
		{D3E8BD28-A5B1-4907-AF4D-0EDAEEB0952C}.AppStore|Any CPU.Build.0 = Release|Any CPU
		{D3E8BD28-A5B1-4907-AF4D-0EDAEEB0952C}.AppStore|ARM.ActiveCfg = Release|Any CPU
		{D3E8BD28-A5B1-4907-AF4D-0EDAEEB0952C}.AppStore|ARM.Build.0 = Release|Any CPU
		{D3E8BD28-A5B1-4907-AF4D-0EDAEEB0952C}.AppStore|iPhone.ActiveCfg = Release|Any CPU
		{D3E8BD28-A5B1-4907-AF4D-0EDAEEB0952C}.AppStore|iPhone.Build.0 = Release|Any CPU
		{D3E8BD28-A5B1-4907-AF4D-0EDAEEB0952C}.AppStore|iPhoneSimulator.ActiveCfg = Release|Any CPU
		{D3E8BD28-A5B1-4907-AF4D-0EDAEEB0952C}.AppStore|iPhoneSimulator.Build.0 = Release|Any CPU
		{D3E8BD28-A5B1-4907-AF4D-0EDAEEB0952C}.AppStore|x64.ActiveCfg = Release|Any CPU
		{D3E8BD28-A5B1-4907-AF4D-0EDAEEB0952C}.AppStore|x64.Build.0 = Release|Any CPU
		{D3E8BD28-A5B1-4907-AF4D-0EDAEEB0952C}.AppStore|x86.ActiveCfg = Release|Any CPU
		{D3E8BD28-A5B1-4907-AF4D-0EDAEEB0952C}.AppStore|x86.Build.0 = Release|Any CPU
		{D3E8BD28-A5B1-4907-AF4D-0EDAEEB0952C}.Debug|Any CPU.ActiveCfg = Debug|Any CPU
		{D3E8BD28-A5B1-4907-AF4D-0EDAEEB0952C}.Debug|Any CPU.Build.0 = Debug|Any CPU
		{D3E8BD28-A5B1-4907-AF4D-0EDAEEB0952C}.Debug|ARM.ActiveCfg = Debug|Any CPU
		{D3E8BD28-A5B1-4907-AF4D-0EDAEEB0952C}.Debug|ARM.Build.0 = Debug|Any CPU
		{D3E8BD28-A5B1-4907-AF4D-0EDAEEB0952C}.Debug|iPhone.ActiveCfg = Debug|Any CPU
		{D3E8BD28-A5B1-4907-AF4D-0EDAEEB0952C}.Debug|iPhone.Build.0 = Debug|Any CPU
		{D3E8BD28-A5B1-4907-AF4D-0EDAEEB0952C}.Debug|iPhoneSimulator.ActiveCfg = Debug|Any CPU
		{D3E8BD28-A5B1-4907-AF4D-0EDAEEB0952C}.Debug|iPhoneSimulator.Build.0 = Debug|Any CPU
		{D3E8BD28-A5B1-4907-AF4D-0EDAEEB0952C}.Debug|x64.ActiveCfg = Debug|Any CPU
		{D3E8BD28-A5B1-4907-AF4D-0EDAEEB0952C}.Debug|x64.Build.0 = Debug|Any CPU
		{D3E8BD28-A5B1-4907-AF4D-0EDAEEB0952C}.Debug|x86.ActiveCfg = Debug|Any CPU
		{D3E8BD28-A5B1-4907-AF4D-0EDAEEB0952C}.Debug|x86.Build.0 = Debug|Any CPU
		{D3E8BD28-A5B1-4907-AF4D-0EDAEEB0952C}.Release|Any CPU.ActiveCfg = Release|Any CPU
		{D3E8BD28-A5B1-4907-AF4D-0EDAEEB0952C}.Release|Any CPU.Build.0 = Release|Any CPU
		{D3E8BD28-A5B1-4907-AF4D-0EDAEEB0952C}.Release|ARM.ActiveCfg = Release|Any CPU
		{D3E8BD28-A5B1-4907-AF4D-0EDAEEB0952C}.Release|ARM.Build.0 = Release|Any CPU
		{D3E8BD28-A5B1-4907-AF4D-0EDAEEB0952C}.Release|iPhone.ActiveCfg = Release|Any CPU
		{D3E8BD28-A5B1-4907-AF4D-0EDAEEB0952C}.Release|iPhone.Build.0 = Release|Any CPU
		{D3E8BD28-A5B1-4907-AF4D-0EDAEEB0952C}.Release|iPhoneSimulator.ActiveCfg = Release|Any CPU
		{D3E8BD28-A5B1-4907-AF4D-0EDAEEB0952C}.Release|iPhoneSimulator.Build.0 = Release|Any CPU
		{D3E8BD28-A5B1-4907-AF4D-0EDAEEB0952C}.Release|x64.ActiveCfg = Release|Any CPU
		{D3E8BD28-A5B1-4907-AF4D-0EDAEEB0952C}.Release|x64.Build.0 = Release|Any CPU
		{D3E8BD28-A5B1-4907-AF4D-0EDAEEB0952C}.Release|x86.ActiveCfg = Release|Any CPU
		{D3E8BD28-A5B1-4907-AF4D-0EDAEEB0952C}.Release|x86.Build.0 = Release|Any CPU
	EndGlobalSection
	GlobalSection(SolutionProperties) = preSolution
		HideSolutionNode = FALSE
	EndGlobalSection
EndGlobal
