
Microsoft Visual Studio Solution File, Format Version 12.00
# Visual Studio 15
VisualStudioVersion = 15.0.26430.14
MinimumVisualStudioVersion = 10.0.40219.1
Project("{FAE04EC0-301F-11D3-BF4B-00C04F79EFBC}") = "PatientIntake.Core", "PatientIntake.Core\PatientIntake.Core.csproj", "{67F9D3A8-F71E-4428-913F-C37AE82CDB24}"
EndProject
Project("{FAE04EC0-301F-11D3-BF4B-00C04F79EFBC}") = "PatientIntake.Infrastructure", "PatientIntake.Infrastructure\PatientIntake.Infrastructure.csproj", "{68797D7D-3940-497D-A412-DB08230D5030}"
EndProject
Project("{FAE04EC0-301F-11D3-BF4B-00C04F79EFBC}") = "PatientIntake.WebApi", "PatientIntake.WebApi\PatientIntake.WebApi.csproj", "{EF7EF840-7F8C-4121-94EB-7D8D83D3C204}"
EndProject
Global
	GlobalSection(SolutionConfigurationPlatforms) = preSolution
		Debug|Any CPU = Debug|Any CPU
		Release|Any CPU = Release|Any CPU
	EndGlobalSection
	GlobalSection(ProjectConfigurationPlatforms) = postSolution
		{67F9D3A8-F71E-4428-913F-C37AE82CDB24}.Debug|Any CPU.ActiveCfg = Debug|Any CPU
		{67F9D3A8-F71E-4428-913F-C37AE82CDB24}.Debug|Any CPU.Build.0 = Debug|Any CPU
		{67F9D3A8-F71E-4428-913F-C37AE82CDB24}.Release|Any CPU.ActiveCfg = Release|Any CPU
		{67F9D3A8-F71E-4428-913F-C37AE82CDB24}.Release|Any CPU.Build.0 = Release|Any CPU
		{68797D7D-3940-497D-A412-DB08230D5030}.Debug|Any CPU.ActiveCfg = Debug|Any CPU
		{68797D7D-3940-497D-A412-DB08230D5030}.Debug|Any CPU.Build.0 = Debug|Any CPU
		{68797D7D-3940-497D-A412-DB08230D5030}.Release|Any CPU.ActiveCfg = Release|Any CPU
		{68797D7D-3940-497D-A412-DB08230D5030}.Release|Any CPU.Build.0 = Release|Any CPU
		{EF7EF840-7F8C-4121-94EB-7D8D83D3C204}.Debug|Any CPU.ActiveCfg = Debug|Any CPU
		{EF7EF840-7F8C-4121-94EB-7D8D83D3C204}.Debug|Any CPU.Build.0 = Debug|Any CPU
		{EF7EF840-7F8C-4121-94EB-7D8D83D3C204}.Release|Any CPU.ActiveCfg = Release|Any CPU
		{EF7EF840-7F8C-4121-94EB-7D8D83D3C204}.Release|Any CPU.Build.0 = Release|Any CPU
	EndGlobalSection
	GlobalSection(SolutionProperties) = preSolution
		HideSolutionNode = FALSE
	EndGlobalSection
EndGlobal
